<?xml version="1.0" encoding="utf-8"?>
<Project ToolsVersion="4.0" xmlns="http://schemas.microsoft.com/developer/msbuild/2003">
  <ItemGroup>
    <ClCompile Include="Source\Dll.cpp" />
    <ClCompile Include="Utilities.cpp">
      <Filter>Utilities</Filter>
    </ClCompile>
    <ClCompile Include="TechManager.cpp">
      <Filter>Utilities</Filter>
    </ClCompile>
    <ClCompile Include="VisionManager.cpp">
      <Filter>Utilities</Filter>
    </ClCompile>
    <ClCompile Include="CobbDouglas.cpp">
      <Filter>Utilities</Filter>
    </ClCompile>
    <ClCompile Include="AssemblyManager.cpp">
      <Filter>Utilities</Filter>
    </ClCompile>
    <ClCompile Include="Resource_Inventory.cpp">
      <Filter>Utilities</Filter>
    </ClCompile>
    <ClCompile Include="Research_Inventory.cpp">
      <Filter>Utilities</Filter>
    </ClCompile>
    <ClCompile Include="PlayerModelManager.cpp">
      <Filter>Utilities</Filter>
    </ClCompile>
    <ClCompile Include="Source\BWEB\Block.cpp">
      <Filter>BWEB</Filter>
    </ClCompile>
    <ClCompile Include="Source\BWEB\BWEB.cpp">
      <Filter>BWEB</Filter>
    </ClCompile>
    <ClCompile Include="Source\BWEB\PathFind.cpp">
      <Filter>BWEB</Filter>
    </ClCompile>
    <ClCompile Include="Source\BWEB\Station.cpp">
      <Filter>BWEB</Filter>
    </ClCompile>
    <ClCompile Include="Source\BWEB\Wall.cpp">
      <Filter>BWEB</Filter>
    </ClCompile>
    <ClCompile Include="WorkerManager.cpp">
      <Filter>Utilities</Filter>
    </ClCompile>
    <ClCompile Include="CombatManager.cpp">
      <Filter>Utilities</Filter>
    </ClCompile>
    <ClCompile Include="MobilityManager.cpp">
      <Filter>Utilities</Filter>
    </ClCompile>
    <ClCompile Include="CUNYAIModule.cpp">
      <Filter>Utilities</Filter>
    </ClCompile>
    <ClCompile Include="Diagnostics.cpp">
      <Filter>Utilities</Filter>
    </ClCompile>
    <ClCompile Include="LearningManager.cpp">
      <Filter>Utilities</Filter>
    </ClCompile>
    <ClCompile Include="CUNYClient.cpp">
      <Filter>Utilities</Filter>
    </ClCompile>
    <ClCompile Include="BaseManager.cpp">
      <Filter>Utilities</Filter>
    </ClCompile>
    <ClCompile Include="MapInventory.cpp">
      <Filter>Utilities</Filter>
    </ClCompile>
    <ClCompile Include="UnitInventory.cpp">
      <Filter>Utilities</Filter>
    </ClCompile>
    <ClCompile Include="ReservationManager.cpp">
      <Filter>Utilities</Filter>
    </ClCompile>
  </ItemGroup>
  <ItemGroup>
    <ClInclude Include="Source\CobbDouglas.h" />
    <ClInclude Include="Source\AssemblyManager.h" />
    <ClInclude Include="Source\Resource_Inventory.h" />
    <ClInclude Include="Source\CUNYAIModule.h" />
    <ClInclude Include="Source\PlayerModelManager.h" />
    <ClInclude Include="Source\BWEB\Block.h">
      <Filter>BWEB</Filter>
    </ClInclude>
    <ClInclude Include="Source\BWEB\BWEB.h">
      <Filter>BWEB</Filter>
    </ClInclude>
    <ClInclude Include="Source\BWEB\JPS.h">
      <Filter>BWEB</Filter>
    </ClInclude>
    <ClInclude Include="Source\BWEB\PathFind.h">
      <Filter>BWEB</Filter>
    </ClInclude>
    <ClInclude Include="Source\BWEB\Station.h">
      <Filter>BWEB</Filter>
    </ClInclude>
    <ClInclude Include="Source\BWEB\Wall.h">
      <Filter>BWEB</Filter>
    </ClInclude>
    <ClInclude Include="Source\TechManager.h" />
    <ClInclude Include="Source\MobilityManager.h" />
    <ClInclude Include="Source\WorkerManager.h" />
    <ClInclude Include="Source\CombatManager.h" />
    <ClInclude Include="Source\Diagnostics.h" />
    <ClInclude Include="Source\LearningManager.h" />
    <ClInclude Include="Source\BaseManager.h" />
    <ClInclude Include="Source\MapInventory.h" />
    <ClInclude Include="Source\UnitInventory.h" />
    <ClInclude Include="StrategySelector.h" />
    <ClInclude Include="resource.h" />
    <ClInclude Include="Source\ResearchInventory.h" />
    <ClInclude Include="Source\ReservationManager.h" />
  </ItemGroup>
  <ItemGroup>
    <Filter Include="Utilities">
      <UniqueIdentifier>{ae3b5eee-3528-4e8c-8c7b-f31c4f42621e}</UniqueIdentifier>
    </Filter>
    <Filter Include="BWEB">
      <UniqueIdentifier>{a191b572-c4d5-4666-a7f1-b6fe86a15072}</UniqueIdentifier>
    </Filter>
  </ItemGroup>
</Project>