<?xml version="1.0" encoding="utf-8"?>
<Project ToolsVersion="4.0" xmlns="http://schemas.microsoft.com/developer/msbuild/2003">
  <ItemGroup>
    <ClCompile Include="Source\Dll.cpp" />
    <ClCompile Include="Utilities.cpp">
      <Filter>Utilities</Filter>
    </ClCompile>
    <ClCompile Include="MiningManager.cpp">
      <Filter>Utilities</Filter>
    </ClCompile>
    <ClCompile Include="GeneticHistoryManager.cpp">
      <Filter>Utilities</Filter>
    </ClCompile>
    <ClCompile Include="TechManager.cpp">
      <Filter>Utilities</Filter>
    </ClCompile>
    <ClCompile Include="VisionManager.cpp">
      <Filter>Utilities</Filter>
    </ClCompile>
    <ClCompile Include="Fight_MovementManager.cpp">
      <Filter>Utilities</Filter>
    </ClCompile>
    <ClCompile Include="CobbDouglas.cpp">
      <Filter>Utilities</Filter>
    </ClCompile>
    <ClCompile Include="AssemblyManager.cpp">
      <Filter>Utilities</Filter>
    </ClCompile>
    <ClCompile Include="Unit_Inventory.cpp">
      <Filter>Utilities</Filter>
    </ClCompile>
    <ClCompile Include="Resource_Inventory.cpp">
      <Filter>Utilities</Filter>
    </ClCompile>
    <ClCompile Include="Reserve_Manager.cpp">
      <Filter>Utilities</Filter>
    </ClCompile>
    <ClCompile Include="Source\CUNYAIModule.cpp" />
    <ClCompile Include="Research_Inventory.cpp">
      <Filter>Utilities</Filter>
    </ClCompile>
    <ClCompile Include="PlayerModelManager.cpp">
      <Filter>Utilities</Filter>
    </ClCompile>
    <ClCompile Include="Map_Inventory.cpp">
      <Filter>Utilities</Filter>
    </ClCompile>
  </ItemGroup>
  <ItemGroup>
    <ClInclude Include="Source\CobbDouglas.h" />
    <ClInclude Include="Source\GeneticHistoryManager.h" />
    <ClInclude Include="Source\Unit_Inventory.h" />
    <ClInclude Include="Source\AssemblyManager.h" />
    <ClInclude Include="Source\Fight_MovementManager.h" />
    <ClInclude Include="Source\Reservation_Manager.h" />
    <ClInclude Include="Source\Resource_Inventory.h" />
    <ClInclude Include="Source\CUNYAIModule.h" />
    <ClInclude Include="Source\Research_Inventory.h" />
    <ClInclude Include="Source\PlayerModelManager.h" />
    <ClInclude Include="Source\Map_Inventory.h" />
    <ClInclude Include="Source\TechManager.h">
      <Filter>Utilities</Filter>
    </ClInclude>
    <ClInclude Include="Source\BWEM\include\area.h">
      <Filter>BWEM</Filter>
    </ClInclude>
    <ClInclude Include="Source\BWEM\include\base.h">
      <Filter>BWEM</Filter>
    </ClInclude>
    <ClInclude Include="Source\BWEM\include\bwapiExt.h">
      <Filter>BWEM</Filter>
    </ClInclude>
    <ClInclude Include="Source\BWEM\include\bwem.h">
      <Filter>BWEM</Filter>
    </ClInclude>
    <ClInclude Include="Source\BWEM\include\cp.h">
      <Filter>BWEM</Filter>
    </ClInclude>
    <ClInclude Include="Source\BWEM\include\defs.h">
      <Filter>BWEM</Filter>
    </ClInclude>
    <ClInclude Include="Source\BWEM\include\graph.h">
      <Filter>BWEM</Filter>
    </ClInclude>
    <ClInclude Include="Source\BWEM\include\gridMap.h">
      <Filter>BWEM</Filter>
    </ClInclude>
    <ClInclude Include="Source\BWEM\include\map.h">
      <Filter>BWEM</Filter>
    </ClInclude>
    <ClInclude Include="Source\BWEM\include\mapDrawer.h">
      <Filter>BWEM</Filter>
    </ClInclude>
    <ClInclude Include="Source\BWEM\include\mapImpl.h">
      <Filter>BWEM</Filter>
    </ClInclude>
    <ClInclude Include="Source\BWEM\include\mapPrinter.h">
      <Filter>BWEM</Filter>
    </ClInclude>
    <ClInclude Include="Source\BWEM\include\neutral.h">
      <Filter>BWEM</Filter>
    </ClInclude>
    <ClInclude Include="Source\BWEM\include\tiles.h">
      <Filter>BWEM</Filter>
    </ClInclude>
    <ClInclude Include="Source\BWEM\include\utils.h">
      <Filter>BWEM</Filter>
    </ClInclude>
  </ItemGroup>
  <ItemGroup>
    <Filter Include="Utilities">
      <UniqueIdentifier>{ae3b5eee-3528-4e8c-8c7b-f31c4f42621e}</UniqueIdentifier>
    </Filter>
    <Filter Include="Utilities\Unused">
      <UniqueIdentifier>{389d313b-a030-43be-a3b4-6475a7d622bd}</UniqueIdentifier>
    </Filter>
    <Filter Include="BWEM">
      <UniqueIdentifier>{0fb35885-e59a-4a5f-8f08-853a0ea32d8d}</UniqueIdentifier>
    </Filter>
  </ItemGroup>
</Project>