
Microsoft Visual Studio Solution File, Format Version 12.00
# Visual Studio 15
VisualStudioVersion = 15.0.27428.2037
MinimumVisualStudioVersion = 10.0.40219.1
Project("{8BC9CEB8-8B4A-11D0-8D11-00A0C91BC942}") = "CUNYAIModule", "CUNYAIModule.vcxproj", "{2E63AE74-758A-4607-9DE4-D28E814A6E13}"
	ProjectSection(ProjectDependencies) = postProject
		{EE73B286-B35D-4387-9EEA-5B8C5192D068} = {EE73B286-B35D-4387-9EEA-5B8C5192D068}
		{843656FD-9BFD-47BF-8460-7BFE9710EA2C} = {843656FD-9BFD-47BF-8460-7BFE9710EA2C}
	EndProjectSection
EndProject
Project("{8BC9CEB8-8B4A-11D0-8D11-00A0C91BC942}") = "BWAPILIB", "..\bwapi\bwapi\BWAPILIB\BWAPILIB.vcxproj", "{843656FD-9BFD-47BF-8460-7BFE9710EA2C}"
EndProject
Project("{8BC9CEB8-8B4A-11D0-8D11-00A0C91BC942}") = "BWEM", "..\BWEM-community\BWEM\BWEM.vcxproj", "{EE73B286-B35D-4387-9EEA-5B8C5192D068}"
EndProject
Global
	GlobalSection(SolutionConfigurationPlatforms) = preSolution
		Debug_NoCopy|x86 = Debug_NoCopy|x86
		Debug_Pipeline|x86 = Debug_Pipeline|x86
		Debug|x86 = Debug|x86
		Release_NoCopy|x86 = Release_NoCopy|x86
		Release_Pipeline|x86 = Release_Pipeline|x86
		Release|x86 = Release|x86
	EndGlobalSection
	GlobalSection(ProjectConfigurationPlatforms) = postSolution
		{2E63AE74-758A-4607-9DE4-D28E814A6E13}.Debug_NoCopy|x86.ActiveCfg = Debug|Win32
		{2E63AE74-758A-4607-9DE4-D28E814A6E13}.Debug_NoCopy|x86.Build.0 = Debug|Win32
		{2E63AE74-758A-4607-9DE4-D28E814A6E13}.Debug_Pipeline|x86.ActiveCfg = Debug|Win32
		{2E63AE74-758A-4607-9DE4-D28E814A6E13}.Debug_Pipeline|x86.Build.0 = Debug|Win32
		{2E63AE74-758A-4607-9DE4-D28E814A6E13}.Debug|x86.ActiveCfg = Debug|Win32
		{2E63AE74-758A-4607-9DE4-D28E814A6E13}.Debug|x86.Build.0 = Debug|Win32
		{2E63AE74-758A-4607-9DE4-D28E814A6E13}.Release_NoCopy|x86.ActiveCfg = Release|Win32
		{2E63AE74-758A-4607-9DE4-D28E814A6E13}.Release_NoCopy|x86.Build.0 = Release|Win32
		{2E63AE74-758A-4607-9DE4-D28E814A6E13}.Release_Pipeline|x86.ActiveCfg = Release|Win32
		{2E63AE74-758A-4607-9DE4-D28E814A6E13}.Release_Pipeline|x86.Build.0 = Release|Win32
		{2E63AE74-758A-4607-9DE4-D28E814A6E13}.Release|x86.ActiveCfg = Release|Win32
		{2E63AE74-758A-4607-9DE4-D28E814A6E13}.Release|x86.Build.0 = Release|Win32
		{843656FD-9BFD-47BF-8460-7BFE9710EA2C}.Debug_NoCopy|x86.ActiveCfg = Debug|Win32
		{843656FD-9BFD-47BF-8460-7BFE9710EA2C}.Debug_NoCopy|x86.Build.0 = Debug|Win32
		{843656FD-9BFD-47BF-8460-7BFE9710EA2C}.Debug_Pipeline|x86.ActiveCfg = Debug|Win32
		{843656FD-9BFD-47BF-8460-7BFE9710EA2C}.Debug_Pipeline|x86.Build.0 = Debug|Win32
		{843656FD-9BFD-47BF-8460-7BFE9710EA2C}.Debug|x86.ActiveCfg = Debug|Win32
		{843656FD-9BFD-47BF-8460-7BFE9710EA2C}.Debug|x86.Build.0 = Debug|Win32
		{843656FD-9BFD-47BF-8460-7BFE9710EA2C}.Release_NoCopy|x86.ActiveCfg = Release|Win32
		{843656FD-9BFD-47BF-8460-7BFE9710EA2C}.Release_NoCopy|x86.Build.0 = Release|Win32
		{843656FD-9BFD-47BF-8460-7BFE9710EA2C}.Release_Pipeline|x86.ActiveCfg = Release|Win32
		{843656FD-9BFD-47BF-8460-7BFE9710EA2C}.Release_Pipeline|x86.Build.0 = Release|Win32
		{843656FD-9BFD-47BF-8460-7BFE9710EA2C}.Release|x86.ActiveCfg = Release|Win32
		{843656FD-9BFD-47BF-8460-7BFE9710EA2C}.Release|x86.Build.0 = Release|Win32
		{EE73B286-B35D-4387-9EEA-5B8C5192D068}.Debug_NoCopy|x86.ActiveCfg = Debug|Win32
		{EE73B286-B35D-4387-9EEA-5B8C5192D068}.Debug_NoCopy|x86.Build.0 = Debug|Win32
		{EE73B286-B35D-4387-9EEA-5B8C5192D068}.Debug_Pipeline|x86.ActiveCfg = Debug|Win32
		{EE73B286-B35D-4387-9EEA-5B8C5192D068}.Debug_Pipeline|x86.Build.0 = Debug|Win32
		{EE73B286-B35D-4387-9EEA-5B8C5192D068}.Debug|x86.ActiveCfg = Debug|Win32
		{EE73B286-B35D-4387-9EEA-5B8C5192D068}.Debug|x86.Build.0 = Debug|Win32
		{EE73B286-B35D-4387-9EEA-5B8C5192D068}.Release_NoCopy|x86.ActiveCfg = Release|Win32
		{EE73B286-B35D-4387-9EEA-5B8C5192D068}.Release_NoCopy|x86.Build.0 = Release|Win32
		{EE73B286-B35D-4387-9EEA-5B8C5192D068}.Release_Pipeline|x86.ActiveCfg = Release|Win32
		{EE73B286-B35D-4387-9EEA-5B8C5192D068}.Release_Pipeline|x86.Build.0 = Release|Win32
		{EE73B286-B35D-4387-9EEA-5B8C5192D068}.Release|x86.ActiveCfg = Release|Win32
		{EE73B286-B35D-4387-9EEA-5B8C5192D068}.Release|x86.Build.0 = Release|Win32
	EndGlobalSection
	GlobalSection(SolutionProperties) = preSolution
		HideSolutionNode = FALSE
	EndGlobalSection
	GlobalSection(ExtensibilityGlobals) = postSolution
		SolutionGuid = {7B924340-E9A6-4321-926F-B4D4A0D3E6D8}
	EndGlobalSection
EndGlobal
