<?xml version="1.0" encoding="utf-8"?>
<Project ToolsVersion="4.0" xmlns="http://schemas.microsoft.com/developer/msbuild/2003">
  <ItemGroup>
    <ClCompile Include="Source\Dll.cpp" />
    <ClCompile Include="Source\MeatAIModule.cpp" />
    <ClCompile Include="Movement.cpp">
      <Filter>Utilities</Filter>
    </ClCompile>
    <ClCompile Include="Assembly.cpp">
      <Filter>Utilities</Filter>
    </ClCompile>
    <ClCompile Include="HistoryRead.cpp">
      <Filter>Utilities</Filter>
    </ClCompile>
    <ClCompile Include="Utilities.cpp">
      <Filter>Utilities</Filter>
    </ClCompile>
    <ClCompile Include="Mining.cpp">
      <Filter>Utilities</Filter>
    </ClCompile>
  </ItemGroup>
  <ItemGroup>
    <ClInclude Include="Source\MeatAIModule.h" />
  </ItemGroup>
  <ItemGroup>
    <Filter Include="Utilities">
      <UniqueIdentifier>{ae3b5eee-3528-4e8c-8c7b-f31c4f42621e}</UniqueIdentifier>
    </Filter>
  </ItemGroup>
</Project>